
Microsoft Visual Studio Solution File, Format Version 12.00
# Visual Studio Version 17
VisualStudioVersion = 17.12.35521.163
MinimumVisualStudioVersion = 10.0.40219.1
Project("{FAE04EC0-301F-11D3-BF4B-00C04F79EFBC}") = "Server", "Server\Server.csproj", "{7D1FC3A8-4AFF-4786-B1CD-00CB89D5722D}"
EndProject
Project("{FAE04EC0-301F-11D3-BF4B-00C04F79EFBC}") = "Klijent", "Klijent\Klijent.csproj", "{BE21A61F-FF53-45CB-8A57-AB904879D7DF}"
EndProject
Global
	GlobalSection(SolutionConfigurationPlatforms) = preSolution
		Debug|Any CPU = Debug|Any CPU
		Release|Any CPU = Release|Any CPU
	EndGlobalSection
	GlobalSection(ProjectConfigurationPlatforms) = postSolution
		{7D1FC3A8-4AFF-4786-B1CD-00CB89D5722D}.Debug|Any CPU.ActiveCfg = Debug|Any CPU
		{7D1FC3A8-4AFF-4786-B1CD-00CB89D5722D}.Debug|Any CPU.Build.0 = Debug|Any CPU
		{7D1FC3A8-4AFF-4786-B1CD-00CB89D5722D}.Release|Any CPU.ActiveCfg = Release|Any CPU
		{7D1FC3A8-4AFF-4786-B1CD-00CB89D5722D}.Release|Any CPU.Build.0 = Release|Any CPU
		{BE21A61F-FF53-45CB-8A57-AB904879D7DF}.Debug|Any CPU.ActiveCfg = Debug|Any CPU
		{BE21A61F-FF53-45CB-8A57-AB904879D7DF}.Debug|Any CPU.Build.0 = Debug|Any CPU
		{BE21A61F-FF53-45CB-8A57-AB904879D7DF}.Release|Any CPU.ActiveCfg = Release|Any CPU
		{BE21A61F-FF53-45CB-8A57-AB904879D7DF}.Release|Any CPU.Build.0 = Release|Any CPU
	EndGlobalSection
	GlobalSection(SolutionProperties) = preSolution
		HideSolutionNode = FALSE
	EndGlobalSection
EndGlobal
