
Microsoft Visual Studio Solution File, Format Version 12.00
# Visual Studio Version 17
VisualStudioVersion = 17.12.35521.163 d17.12
MinimumVisualStudioVersion = 10.0.40219.1
Project("{FAE04EC0-301F-11D3-BF4B-00C04F79EFBC}") = "Forma", "Forma\Forma.csproj", "{F2044691-3E91-4249-AAB8-60ACCD169A97}"
EndProject
Project("{FAE04EC0-301F-11D3-BF4B-00C04F79EFBC}") = "SaTajmerom", "SaTajmerom\SaTajmerom.csproj", "{BAE8CC58-6B54-442C-9905-9138F1F129AA}"
EndProject
Global
	GlobalSection(SolutionConfigurationPlatforms) = preSolution
		Debug|Any CPU = Debug|Any CPU
		Release|Any CPU = Release|Any CPU
	EndGlobalSection
	GlobalSection(ProjectConfigurationPlatforms) = postSolution
		{F2044691-3E91-4249-AAB8-60ACCD169A97}.Debug|Any CPU.ActiveCfg = Debug|Any CPU
		{F2044691-3E91-4249-AAB8-60ACCD169A97}.Debug|Any CPU.Build.0 = Debug|Any CPU
		{F2044691-3E91-4249-AAB8-60ACCD169A97}.Release|Any CPU.ActiveCfg = Release|Any CPU
		{F2044691-3E91-4249-AAB8-60ACCD169A97}.Release|Any CPU.Build.0 = Release|Any CPU
		{BAE8CC58-6B54-442C-9905-9138F1F129AA}.Debug|Any CPU.ActiveCfg = Debug|Any CPU
		{BAE8CC58-6B54-442C-9905-9138F1F129AA}.Debug|Any CPU.Build.0 = Debug|Any CPU
		{BAE8CC58-6B54-442C-9905-9138F1F129AA}.Release|Any CPU.ActiveCfg = Release|Any CPU
		{BAE8CC58-6B54-442C-9905-9138F1F129AA}.Release|Any CPU.Build.0 = Release|Any CPU
	EndGlobalSection
	GlobalSection(SolutionProperties) = preSolution
		HideSolutionNode = FALSE
	EndGlobalSection
EndGlobal
