
Microsoft Visual Studio Solution File, Format Version 12.00
# Visual Studio Version 17
VisualStudioVersion = 17.11.35327.3
MinimumVisualStudioVersion = 10.0.40219.1
Project("{9A19103F-16F7-4668-BE54-9A1E7A4F7556}") = "KolokvijumVezba", "KolokvijumVezba\KolokvijumVezba.csproj", "{553B0CA8-8BEC-4EDB-B76F-371F591A4A0C}"
EndProject
Project("{9A19103F-16F7-4668-BE54-9A1E7A4F7556}") = "Forme", "Forme\Forme.csproj", "{4F5C3C8E-3305-4A9E-93B7-3C020E1AB40A}"
EndProject
Project("{9A19103F-16F7-4668-BE54-9A1E7A4F7556}") = "Domen", "Domen\Domen.csproj", "{385C1482-2EC0-4C28-9A72-678A522CAA8C}"
EndProject
Project("{FAE04EC0-301F-11D3-BF4B-00C04F79EFBC}") = "BrokerBaze", "BrokerBaze\BrokerBaze.csproj", "{63A9F8D6-810D-4681-A1D4-ED5EDA7E4A29}"
EndProject
Global
	GlobalSection(SolutionConfigurationPlatforms) = preSolution
		Debug|Any CPU = Debug|Any CPU
		Release|Any CPU = Release|Any CPU
	EndGlobalSection
	GlobalSection(ProjectConfigurationPlatforms) = postSolution
		{553B0CA8-8BEC-4EDB-B76F-371F591A4A0C}.Debug|Any CPU.ActiveCfg = Debug|Any CPU
		{553B0CA8-8BEC-4EDB-B76F-371F591A4A0C}.Debug|Any CPU.Build.0 = Debug|Any CPU
		{553B0CA8-8BEC-4EDB-B76F-371F591A4A0C}.Release|Any CPU.ActiveCfg = Release|Any CPU
		{553B0CA8-8BEC-4EDB-B76F-371F591A4A0C}.Release|Any CPU.Build.0 = Release|Any CPU
		{4F5C3C8E-3305-4A9E-93B7-3C020E1AB40A}.Debug|Any CPU.ActiveCfg = Debug|Any CPU
		{4F5C3C8E-3305-4A9E-93B7-3C020E1AB40A}.Debug|Any CPU.Build.0 = Debug|Any CPU
		{4F5C3C8E-3305-4A9E-93B7-3C020E1AB40A}.Release|Any CPU.ActiveCfg = Release|Any CPU
		{4F5C3C8E-3305-4A9E-93B7-3C020E1AB40A}.Release|Any CPU.Build.0 = Release|Any CPU
		{385C1482-2EC0-4C28-9A72-678A522CAA8C}.Debug|Any CPU.ActiveCfg = Debug|Any CPU
		{385C1482-2EC0-4C28-9A72-678A522CAA8C}.Debug|Any CPU.Build.0 = Debug|Any CPU
		{385C1482-2EC0-4C28-9A72-678A522CAA8C}.Release|Any CPU.ActiveCfg = Release|Any CPU
		{385C1482-2EC0-4C28-9A72-678A522CAA8C}.Release|Any CPU.Build.0 = Release|Any CPU
		{63A9F8D6-810D-4681-A1D4-ED5EDA7E4A29}.Debug|Any CPU.ActiveCfg = Debug|Any CPU
		{63A9F8D6-810D-4681-A1D4-ED5EDA7E4A29}.Debug|Any CPU.Build.0 = Debug|Any CPU
		{63A9F8D6-810D-4681-A1D4-ED5EDA7E4A29}.Release|Any CPU.ActiveCfg = Release|Any CPU
		{63A9F8D6-810D-4681-A1D4-ED5EDA7E4A29}.Release|Any CPU.Build.0 = Release|Any CPU
	EndGlobalSection
	GlobalSection(SolutionProperties) = preSolution
		HideSolutionNode = FALSE
	EndGlobalSection
	GlobalSection(ExtensibilityGlobals) = postSolution
		SolutionGuid = {49118881-19AA-4CB3-AA9C-38D645A63186}
	EndGlobalSection
EndGlobal
